{
  "object": {
    "pins": [
      {
        "package": "SwiftUTI",
        "repositoryURL": "https://github.com/mkeiser/SwiftUTI.git",
        "state": {
          "branch": null,
          "revision": "7a79af868845e6efe28ac7c628b952df8763e845",
          "version": "2.0.3"
        }
      }
    ]
  },
  "version": 1
}
